github.com/HugoBlox/hugo-blox-builder/modules/blox-analytics v0.2.0 h1:eS05pTNTa9pYpRalBTBt7EgcB4XRPnkSyTFfOmB7/Aw=
github.com/HugoBlox/hugo-blox-builder/modules/blox-analytics v0.2.0/go.mod h1:0YQtVvRLCzZOpPmbVNk7WDx8t19/QfRTFO+pwyqQNk8=
github.com/HugoBlox/hugo-blox-builder/starters/academic-cv v0.0.0-20250825203611-76a0ca6fefeb h1:Op29MysHEdWbPzadtd9nXbQjzF4gDL3A0WPaKWprjiY=
github.com/HugoBlox/hugo-blox-builder/starters/academic-cv v0.0.0-20250825203611-76a0ca6fefeb/go.mod h1:zLwd4VDLTloXNAiq2MRUQBURzi+vAsWICbYS3DM9fIk=
